Microsoft Visual Studio Solution File, Format Version 12.00
# Visual Studio Version 17
VisualStudioVersion = 17.5.2.0
MinimumVisualStudioVersion = 10.0.40219.1
Project("{FAE04EC0-301F-11D3-BF4B-00C04F79EFBC}") = "JobPortalApi", "JobPortalApi\JobPortalApi.csproj", "{A5AC66A8-1DF6-3BB9-6303-526E82EE1179}"
EndProject
Global
	GlobalSection(SolutionConfigurationPlatforms) = preSolution
		Debug|Any CPU = Debug|Any CPU
		Release|Any CPU = Release|Any CPU
	EndGlobalSection
	GlobalSection(ProjectConfigurationPlatforms) = postSolution
		{A5AC66A8-1DF6-3BB9-6303-526E82EE1179}.Debug|Any CPU.ActiveCfg = Debug|Any CPU
		{A5AC66A8-1DF6-3BB9-6303-526E82EE1179}.Debug|Any CPU.Build.0 = Debug|Any CPU
		{A5AC66A8-1DF6-3BB9-6303-526E82EE1179}.Release|Any CPU.ActiveCfg = Release|Any CPU
		{A5AC66A8-1DF6-3BB9-6303-526E82EE1179}.Release|Any CPU.Build.0 = Release|Any CPU
	EndGlobalSection
	GlobalSection(SolutionProperties) = preSolution
		HideSolutionNode = FALSE
	EndGlobalSection
	GlobalSection(ExtensibilityGlobals) = postSolution
		SolutionGuid = {1348A45C-DA81-4EAB-967C-9D85900ADF24}
	EndGlobalSection
EndGlobal
